// !$*UTF8*$!
{
	archiveVersion = 1;
	classes = {
	};
	objectVersion = 46;
	objects = {

/* Begin PBXBuildFile section */
		C5E508431E337DED00518462 /* AppDelegate.swift in Sources */ = {isa = PBXBuildFile; fileRef = C5E508421E337DED00518462 /* AppDelegate.swift */; };
		C5E508481E337DED00518462 /* Main.storyboard in Resources */ = {isa = PBXBuildFile; fileRef = C5E508461E337DED00518462 /* Main.storyboard */; };
		C5E5084A1E337DED00518462 /* Assets.xcassets in Resources */ = {isa = PBXBuildFile; fileRef = C5E508491E337DED00518462 /* Assets.xcassets */; };
		C5E5084D1E337DED00518462 /* LaunchScreen.storyboard in Resources */ = {isa = PBXBuildFile; fileRef = C5E5084B1E337DED00518462 /* LaunchScreen.storyboard */; };
		C5E508581E337DEE00518462 /* ArcGISApplicationTests.swift in Sources */ = {isa = PBXBuildFile; fileRef = C5E508571E337DED00518462 /* ArcGISApplicationTests.swift */; };
		C5E508631E337DEE00518462 /* ArcGISApplicationUITests.swift in Sources */ = {isa = PBXBuildFile; fileRef = C5E508621E337DEE00518462 /* ArcGISApplicationUITests.swift */; };
		C5E508711E33804600518462 /* ArcGIS.bundle in Resources */ = {isa = PBXBuildFile; fileRef = C5E508701E33804600518462 /* ArcGIS.bundle */; };
		C5E508731E33829100518462 /* MainMapViewController.swift in Sources */ = {isa = PBXBuildFile; fileRef = C5E508721E33829000518462 /* MainMapViewController.swift */; };
		C5E508761E343BB000518462 /* LoginAuthenticationViewController.swift in Sources */ = {isa = PBXBuildFile; fileRef = C5E508751E343BB000518462 /* LoginAuthenticationViewController.swift */; };
		C5E5087A1E343C1D00518462 /* DescriptionViewController.swift in Sources */ = {isa = PBXBuildFile; fileRef = C5E508791E343C1D00518462 /* DescriptionViewController.swift */; };
		C5E5087C1E343C4400518462 /* AlertSelectViewController.swift in Sources */ = {isa = PBXBuildFile; fileRef = C5E5087B1E343C4400518462 /* AlertSelectViewController.swift */; };
		C5E5087E1E343C6600518462 /* NotificationsViewController.swift in Sources */ = {isa = PBXBuildFile; fileRef = C5E5087D1E343C6600518462 /* NotificationsViewController.swift */; };
		C5E508811E348FC700518462 /* Splash.png in Resources */ = {isa = PBXBuildFile; fileRef = C5E508801E348FC700518462 /* Splash.png */; };
		C5E508831E34921100518462 /* tent.png in Resources */ = {isa = PBXBuildFile; fileRef = C5E508821E34921100518462 /* tent.png */; };
/* End PBXBuildFile section */

/* Begin PBXContainerItemProxy section */
		C5E508541E337DED00518462 /* PBXContainerItemProxy */ = {
			isa = PBXContainerItemProxy;
			containerPortal = C5E508371E337DED00518462 /* Project object */;
			proxyType = 1;
			remoteGlobalIDString = C5E5083E1E337DED00518462;
			remoteInfo = ArcGISApplication;
		};
		C5E5085F1E337DEE00518462 /* PBXContainerItemProxy */ = {
			isa = PBXContainerItemProxy;
			containerPortal = C5E508371E337DED00518462 /* Project object */;
			proxyType = 1;
			remoteGlobalIDString = C5E5083E1E337DED00518462;
			remoteInfo = ArcGISApplication;
		};
/* End PBXContainerItemProxy section */

/* Begin PBXFileReference section */
		C5E5083F1E337DED00518462 /* ArcGISApplication.app */ = {isa = PBXFileReference; explicitFileType = wrapper.application; includeInIndex = 0; path = ArcGISApplication.app; sourceTree = BUILT_PRODUCTS_DIR; };
		C5E508421E337DED00518462 /* AppDelegate.swift */ = {isa = PBXFileReference; lastKnownFileType = sourcecode.swift; path = AppDelegate.swift; sourceTree = "<group>"; };
		C5E508471E337DED00518462 /* Base */ = {isa = PBXFileReference; lastKnownFileType = file.storyboard; name = Base; path = Base.lproj/Main.storyboard; sourceTree = "<group>"; };
		C5E508491E337DED00518462 /* Assets.xcassets */ = {isa = PBXFileReference; lastKnownFileType = folder.assetcatalog; path = Assets.xcassets; sourceTree = "<group>"; };
		C5E5084C1E337DED00518462 /* Base */ = {isa = PBXFileReference; lastKnownFileType = file.storyboard; name = Base; path = Base.lproj/LaunchScreen.storyboard; sourceTree = "<group>"; };
		C5E5084E1E337DED00518462 /* Info.plist */ = {isa = PBXFileReference; lastKnownFileType = text.plist.xml; path = Info.plist; sourceTree = "<group>"; };
		C5E508531E337DED00518462 /* ArcGISApplicationTests.xctest */ = {isa = PBXFileReference; explicitFileType = wrapper.cfbundle; includeInIndex = 0; path = ArcGISApplicationTests.xctest; sourceTree = BUILT_PRODUCTS_DIR; };
		C5E508571E337DED00518462 /* ArcGISApplicationTests.swift */ = {isa = PBXFileReference; lastKnownFileType = sourcecode.swift; path = ArcGISApplicationTests.swift; sourceTree = "<group>"; };
		C5E508591E337DEE00518462 /* Info.plist */ = {isa = PBXFileReference; lastKnownFileType = text.plist.xml; path = Info.plist; sourceTree = "<group>"; };
		C5E5085E1E337DEE00518462 /* ArcGISApplicationUITests.xctest */ = {isa = PBXFileReference; explicitFileType = wrapper.cfbundle; includeInIndex = 0; path = ArcGISApplicationUITests.xctest; sourceTree = BUILT_PRODUCTS_DIR; };
		C5E508621E337DEE00518462 /* ArcGISApplicationUITests.swift */ = {isa = PBXFileReference; lastKnownFileType = sourcecode.swift; path = ArcGISApplicationUITests.swift; sourceTree = "<group>"; };
		C5E508641E337DEE00518462 /* Info.plist */ = {isa = PBXFileReference; lastKnownFileType = text.plist.xml; path = Info.plist; sourceTree = "<group>"; };
		C5E508701E33804600518462 /* ArcGIS.bundle */ = {isa = PBXFileReference; lastKnownFileType = "wrapper.plug-in"; name = ArcGIS.bundle; path = ../../../../../Library/SDKs/ArcGIS/iOS/Frameworks/Static/ArcGIS.framework/Versions/Current/Resources/ArcGIS.bundle; sourceTree = "<group>"; };
		C5E508721E33829000518462 /* MainMapViewController.swift */ = {isa = PBXFileReference; fileEncoding = 4; lastKnownFileType = sourcecode.swift; path = MainMapViewController.swift; sourceTree = "<group>"; };
		C5E508751E343BB000518462 /* LoginAuthenticationViewController.swift */ = {isa = PBXFileReference; fileEncoding = 4; lastKnownFileType = sourcecode.swift; path = LoginAuthenticationViewController.swift; sourceTree = "<group>"; };
		C5E508791E343C1D00518462 /* DescriptionViewController.swift */ = {isa = PBXFileReference; fileEncoding = 4; lastKnownFileType = sourcecode.swift; path = DescriptionViewController.swift; sourceTree = "<group>"; };
		C5E5087B1E343C4400518462 /* AlertSelectViewController.swift */ = {isa = PBXFileReference; fileEncoding = 4; lastKnownFileType = sourcecode.swift; path = AlertSelectViewController.swift; sourceTree = "<group>"; };
		C5E5087D1E343C6600518462 /* NotificationsViewController.swift */ = {isa = PBXFileReference; fileEncoding = 4; lastKnownFileType = sourcecode.swift; path = NotificationsViewController.swift; sourceTree = "<group>"; };
		C5E508801E348FC700518462 /* Splash.png */ = {isa = PBXFileReference; lastKnownFileType = image.png; path = Splash.png; sourceTree = "<group>"; };
		C5E508821E34921100518462 /* tent.png */ = {isa = PBXFileReference; lastKnownFileType = image.png; path = tent.png; sourceTree = "<group>"; };
/* End PBXFileReference section */

/* Begin PBXFrameworksBuildPhase section */
		C5E5083C1E337DED00518462 /* Frameworks */ = {
			isa = PBXFrameworksBuildPhase;
			buildActionMask = 2147483647;
			files = (
			);
			runOnlyForDeploymentPostprocessing = 0;
		};
		C5E508501E337DED00518462 /* Frameworks */ = {
			isa = PBXFrameworksBuildPhase;
			buildActionMask = 2147483647;
			files = (
			);
			runOnlyForDeploymentPostprocessing = 0;
		};
		C5E5085B1E337DEE00518462 /* Frameworks */ = {
			isa = PBXFrameworksBuildPhase;
			buildActionMask = 2147483647;
			files = (
			);
			runOnlyForDeploymentPostprocessing = 0;
		};
/* End PBXFrameworksBuildPhase section */

/* Begin PBXGroup section */
		C5E508361E337DED00518462 = {
			isa = PBXGroup;
			children = (
				C5E508411E337DED00518462 /* ArcGISApplication */,
				C5E508561E337DED00518462 /* ArcGISApplicationTests */,
				C5E508611E337DEE00518462 /* ArcGISApplicationUITests */,
				C5E508401E337DED00518462 /* Products */,
			);
			sourceTree = "<group>";
		};
		C5E508401E337DED00518462 /* Products */ = {
			isa = PBXGroup;
			children = (
				C5E5083F1E337DED00518462 /* ArcGISApplication.app */,
				C5E508531E337DED00518462 /* ArcGISApplicationTests.xctest */,
				C5E5085E1E337DEE00518462 /* ArcGISApplicationUITests.xctest */,
			);
			name = Products;
			sourceTree = "<group>";
		};
		C5E508411E337DED00518462 /* ArcGISApplication */ = {
			isa = PBXGroup;
			children = (
				C5E508421E337DED00518462 /* AppDelegate.swift */,
				C5E508721E33829000518462 /* MainMapViewController.swift */,
				C5E508751E343BB000518462 /* LoginAuthenticationViewController.swift */,
				C5E508791E343C1D00518462 /* DescriptionViewController.swift */,
				C5E5087B1E343C4400518462 /* AlertSelectViewController.swift */,
				C5E5087D1E343C6600518462 /* NotificationsViewController.swift */,
				C5E508461E337DED00518462 /* Main.storyboard */,
				C5E508701E33804600518462 /* ArcGIS.bundle */,
				C5E508491E337DED00518462 /* Assets.xcassets */,
				C5E5084B1E337DED00518462 /* LaunchScreen.storyboard */,
				C5E5084E1E337DED00518462 /* Info.plist */,
				C5E508821E34921100518462 /* tent.png */,
				C5E508801E348FC700518462 /* Splash.png */,
			);
			path = ArcGISApplication;
			sourceTree = "<group>";
		};
		C5E508561E337DED00518462 /* ArcGISApplicationTests */ = {
			isa = PBXGroup;
			children = (
				C5E508571E337DED00518462 /* ArcGISApplicationTests.swift */,
				C5E508591E337DEE00518462 /* Info.plist */,
			);
			path = ArcGISApplicationTests;
			sourceTree = "<group>";
		};
		C5E508611E337DEE00518462 /* ArcGISApplicationUITests */ = {
			isa = PBXGroup;
			children = (
				C5E508621E337DEE00518462 /* ArcGISApplicationUITests.swift */,
				C5E508641E337DEE00518462 /* Info.plist */,
			);
			path = ArcGISApplicationUITests;
			sourceTree = "<group>";
		};
/* End PBXGroup section */

/* Begin PBXNativeTarget section */
		C5E5083E1E337DED00518462 /* ArcGISApplication */ = {
			isa = PBXNativeTarget;
			buildConfigurationList = C5E508671E337DEE00518462 /* Build configuration list for PBXNativeTarget "ArcGISApplication" */;
			buildPhases = (
				C5E5083B1E337DED00518462 /* Sources */,
				C5E5083C1E337DED00518462 /* Frameworks */,
				C5E5083D1E337DED00518462 /* Resources */,
			);
			buildRules = (
			);
			dependencies = (
			);
			name = ArcGISApplication;
			productName = ArcGISApplication;
			productReference = C5E5083F1E337DED00518462 /* ArcGISApplication.app */;
			productType = "com.apple.product-type.application";
		};
		C5E508521E337DED00518462 /* ArcGISApplicationTests */ = {
			isa = PBXNativeTarget;
			buildConfigurationList = C5E5086A1E337DEE00518462 /* Build configuration list for PBXNativeTarget "ArcGISApplicationTests" */;
			buildPhases = (
				C5E5084F1E337DED00518462 /* Sources */,
				C5E508501E337DED00518462 /* Frameworks */,
				C5E508511E337DED00518462 /* Resources */,
			);
			buildRules = (
			);
			dependencies = (
				C5E508551E337DED00518462 /* PBXTargetDependency */,
			);
			name = ArcGISApplicationTests;
			productName = ArcGISApplicationTests;
			productReference = C5E508531E337DED00518462 /* ArcGISApplicationTests.xctest */;
			productType = "com.apple.product-type.bundle.unit-test";
		};
		C5E5085D1E337DEE00518462 /* ArcGISApplicationUITests */ = {
			isa = PBXNativeTarget;
			buildConfigurationList = C5E5086D1E337DEE00518462 /* Build configuration list for PBXNativeTarget "ArcGISApplicationUITests" */;
			buildPhases = (
				C5E5085A1E337DEE00518462 /* Sources */,
				C5E5085B1E337DEE00518462 /* Frameworks */,
				C5E5085C1E337DEE00518462 /* Resources */,
			);
			buildRules = (
			);
			dependencies = (
				C5E508601E337DEE00518462 /* PBXTargetDependency */,
			);
			name = ArcGISApplicationUITests;
			productName = ArcGISApplicationUITests;
			productReference = C5E5085E1E337DEE00518462 /* ArcGISApplicationUITests.xctest */;
			productType = "com.apple.product-type.bundle.ui-testing";
		};
/* End PBXNativeTarget section */

/* Begin PBXProject section */
		C5E508371E337DED00518462 /* Project object */ = {
			isa = PBXProject;
			attributes = {
				LastSwiftUpdateCheck = 0820;
				LastUpgradeCheck = 0820;
				ORGANIZATIONNAME = Celestine;
				TargetAttributes = {
					C5E5083E1E337DED00518462 = {
						CreatedOnToolsVersion = 8.2.1;
						DevelopmentTeam = 2R2958HZL4;
						ProvisioningStyle = Automatic;
					};
					C5E508521E337DED00518462 = {
						CreatedOnToolsVersion = 8.2.1;
						DevelopmentTeam = EAYC8NMCCB;
						ProvisioningStyle = Automatic;
						TestTargetID = C5E5083E1E337DED00518462;
					};
					C5E5085D1E337DEE00518462 = {
						CreatedOnToolsVersion = 8.2.1;
						DevelopmentTeam = EAYC8NMCCB;
						ProvisioningStyle = Automatic;
						TestTargetID = C5E5083E1E337DED00518462;
					};
				};
			};
			buildConfigurationList = C5E5083A1E337DED00518462 /* Build configuration list for PBXProject "ArcGISApplication" */;
			compatibilityVersion = "Xcode 3.2";
			developmentRegion = English;
			hasScannedForEncodings = 0;
			knownRegions = (
				en,
				Base,
			);
			mainGroup = C5E508361E337DED00518462;
			productRefGroup = C5E508401E337DED00518462 /* Products */;
			projectDirPath = "";
			projectRoot = "";
			targets = (
				C5E5083E1E337DED00518462 /* ArcGISApplication */,
				C5E508521E337DED00518462 /* ArcGISApplicationTests */,
				C5E5085D1E337DEE00518462 /* ArcGISApplicationUITests */,
			);
		};
/* End PBXProject section */

/* Begin PBXResourcesBuildPhase section */
		C5E5083D1E337DED00518462 /* Resources */ = {
			isa = PBXResourcesBuildPhase;
			buildActionMask = 2147483647;
			files = (
				C5E5084D1E337DED00518462 /* LaunchScreen.storyboard in Resources */,
				C5E5084A1E337DED00518462 /* Assets.xcassets in Resources */,
				C5E508831E34921100518462 /* tent.png in Resources */,
				C5E508811E348FC700518462 /* Splash.png in Resources */,
				C5E508711E33804600518462 /* ArcGIS.bundle in Resources */,
				C5E508481E337DED00518462 /* Main.storyboard in Resources */,
			);
			runOnlyForDeploymentPostprocessing = 0;
		};
		C5E508511E337DED00518462 /* Resources */ = {
			isa = PBXResourcesBuildPhase;
			buildActionMask = 2147483647;
			files = (
			);
			runOnlyForDeploymentPostprocessing = 0;
		};
		C5E5085C1E337DEE00518462 /* Resources */ = {
			isa = PBXResourcesBuildPhase;
			buildActionMask = 2147483647;
			files = (
			);
			runOnlyForDeploymentPostprocessing = 0;
		};
/* End PBXResourcesBuildPhase section */

/* Begin PBXSourcesBuildPhase section */
		C5E5083B1E337DED00518462 /* Sources */ = {
			isa = PBXSourcesBuildPhase;
			buildActionMask = 2147483647;
			files = (
				C5E508731E33829100518462 /* MainMapViewController.swift in Sources */,
				C5E508761E343BB000518462 /* LoginAuthenticationViewController.swift in Sources */,
				C5E5087C1E343C4400518462 /* AlertSelectViewController.swift in Sources */,
				C5E5087E1E343C6600518462 /* NotificationsViewController.swift in Sources */,
				C5E5087A1E343C1D00518462 /* DescriptionViewController.swift in Sources */,
				C5E508431E337DED00518462 /* AppDelegate.swift in Sources */,
			);
			runOnlyForDeploymentPostprocessing = 0;
		};
		C5E5084F1E337DED00518462 /* Sources */ = {
			isa = PBXSourcesBuildPhase;
			buildActionMask = 2147483647;
			files = (
				C5E508581E337DEE00518462 /* ArcGISApplicationTests.swift in Sources */,
			);
			runOnlyForDeploymentPostprocessing = 0;
		};
		C5E5085A1E337DEE00518462 /* Sources */ = {
			isa = PBXSourcesBuildPhase;
			buildActionMask = 2147483647;
			files = (
				C5E508631E337DEE00518462 /* ArcGISApplicationUITests.swift in Sources */,
			);
			runOnlyForDeploymentPostprocessing = 0;
		};
/* End PBXSourcesBuildPhase section */

/* Begin PBXTargetDependency section */
		C5E508551E337DED00518462 /* PBXTargetDependency */ = {
			isa = PBXTargetDependency;
			target = C5E5083E1E337DED00518462 /* ArcGISApplication */;
			targetProxy = C5E508541E337DED00518462 /* PBXContainerItemProxy */;
		};
		C5E508601E337DEE00518462 /* PBXTargetDependency */ = {
			isa = PBXTargetDependency;
			target = C5E5083E1E337DED00518462 /* ArcGISApplication */;
			targetProxy = C5E5085F1E337DEE00518462 /* PBXContainerItemProxy */;
		};
/* End PBXTargetDependency section */

/* Begin PBXVariantGroup section */
		C5E508461E337DED00518462 /* Main.storyboard */ = {
			isa = PBXVariantGroup;
			children = (
				C5E508471E337DED00518462 /* Base */,
			);
			name = Main.storyboard;
			sourceTree = "<group>";
		};
		C5E5084B1E337DED00518462 /* LaunchScreen.storyboard */ = {
			isa = PBXVariantGroup;
			children = (
				C5E5084C1E337DED00518462 /* Base */,
			);
			name = LaunchScreen.storyboard;
			sourceTree = "<group>";
		};
/* End PBXVariantGroup section */

/* Begin XCBuildConfiguration section */
		C5E508651E337DEE00518462 /* Debug */ = {
			isa = XCBuildConfiguration;
			buildSettings = {
				ALWAYS_SEARCH_USER_PATHS = NO;
				CLANG_ANALYZER_NONNULL = YES;
				CLANG_CXX_LANGUAGE_STANDARD = "gnu++0x";
				CLANG_CXX_LIBRARY = "libc++";
				CLANG_ENABLE_MODULES = YES;
				CLANG_ENABLE_OBJC_ARC = YES;
				CLANG_WARN_BOOL_CONVERSION = YES;
				CLANG_WARN_CONSTANT_CONVERSION = YES;
				CLANG_WARN_DIRECT_OBJC_ISA_USAGE = YES_ERROR;
				CLANG_WARN_DOCUMENTATION_COMMENTS = YES;
				CLANG_WARN_EMPTY_BODY = YES;
				CLANG_WARN_ENUM_CONVERSION = YES;
				CLANG_WARN_INFINITE_RECURSION = YES;
				CLANG_WARN_INT_CONVERSION = YES;
				CLANG_WARN_OBJC_ROOT_CLASS = YES_ERROR;
				CLANG_WARN_SUSPICIOUS_MOVE = YES;
				CLANG_WARN_UNREACHABLE_CODE = YES;
				CLANG_WARN__DUPLICATE_METHOD_MATCH = YES;
				"CODE_SIGN_IDENTITY[sdk=iphoneos*]" = "iPhone Developer";
				COPY_PHASE_STRIP = NO;
				DEBUG_INFORMATION_FORMAT = dwarf;
				ENABLE_STRICT_OBJC_MSGSEND = YES;
				ENABLE_TESTABILITY = YES;
				GCC_C_LANGUAGE_STANDARD = gnu99;
				GCC_DYNAMIC_NO_PIC = NO;
				GCC_NO_COMMON_BLOCKS = YES;
				GCC_OPTIMIZATION_LEVEL = 0;
				GCC_PREPROCESSOR_DEFINITIONS = (
					"DEBUG=1",
					"$(inherited)",
				);
				GCC_WARN_64_TO_32_BIT_CONVERSION = YES;
				GCC_WARN_ABOUT_RETURN_TYPE = YES_ERROR;
				GCC_WARN_UNDECLARED_SELECTOR = YES;
				GCC_WARN_UNINITIALIZED_AUTOS = YES_AGGRESSIVE;
				GCC_WARN_UNUSED_FUNCTION = YES;
				GCC_WARN_UNUSED_VARIABLE = YES;
				IPHONEOS_DEPLOYMENT_TARGET = 10.2;
				MTL_ENABLE_DEBUG_INFO = YES;
				ONLY_ACTIVE_ARCH = YES;
				SDKROOT = iphoneos;
				SWIFT_ACTIVE_COMPILATION_CONDITIONS = DEBUG;
				SWIFT_OPTIMIZATION_LEVEL = "-Onone";
			};
			name = Debug;
		};
		C5E508661E337DEE00518462 /* Release */ = {
			isa = XCBuildConfiguration;
			buildSettings = {
				ALWAYS_SEARCH_USER_PATHS = NO;
				CLANG_ANALYZER_NONNULL = YES;
				CLANG_CXX_LANGUAGE_STANDARD = "gnu++0x";
				CLANG_CXX_LIBRARY = "libc++";
				CLANG_ENABLE_MODULES = YES;
				CLANG_ENABLE_OBJC_ARC = YES;
				CLANG_WARN_BOOL_CONVERSION = YES;
				CLANG_WARN_CONSTANT_CONVERSION = YES;
				CLANG_WARN_DIRECT_OBJC_ISA_USAGE = YES_ERROR;
				CLANG_WARN_DOCUMENTATION_COMMENTS = YES;
				CLANG_WARN_EMPTY_BODY = YES;
				CLANG_WARN_ENUM_CONVERSION = YES;
				CLANG_WARN_INFINITE_RECURSION = YES;
				CLANG_WARN_INT_CONVERSION = YES;
				CLANG_WARN_OBJC_ROOT_CLASS = YES_ERROR;
				CLANG_WARN_SUSPICIOUS_MOVE = YES;
				CLANG_WARN_UNREACHABLE_CODE = YES;
				CLANG_WARN__DUPLICATE_METHOD_MATCH = YES;
				"CODE_SIGN_IDENTITY[sdk=iphoneos*]" = "iPhone Developer";
				COPY_PHASE_STRIP = NO;
				DEBUG_INFORMATION_FORMAT = "dwarf-with-dsym";
				ENABLE_NS_ASSERTIONS = NO;
				ENABLE_STRICT_OBJC_MSGSEND = YES;
				GCC_C_LANGUAGE_STANDARD = gnu99;
				GCC_NO_COMMON_BLOCKS = YES;
				GCC_WARN_64_TO_32_BIT_CONVERSION = YES;
				GCC_WARN_ABOUT_RETURN_TYPE = YES_ERROR;
				GCC_WARN_UNDECLARED_SELECTOR = YES;
				GCC_WARN_UNINITIALIZED_AUTOS = YES_AGGRESSIVE;
				GCC_WARN_UNUSED_FUNCTION = YES;
				GCC_WARN_UNUSED_VARIABLE = YES;
				IPHONEOS_DEPLOYMENT_TARGET = 10.2;
				MTL_ENABLE_DEBUG_INFO = NO;
				SDKROOT = iphoneos;
				SWIFT_OPTIMIZATION_LEVEL = "-Owholemodule";
				VALIDATE_PRODUCT = YES;
			};
			name = Release;
		};
		C5E508681E337DEE00518462 /* Debug */ = {
			isa = XCBuildConfiguration;
			buildSettings = {
				ASSETCATALOG_COMPILER_APPICON_NAME = AppIcon;
				DEVELOPMENT_TEAM = 2R2958HZL4;
				FRAMEWORK_SEARCH_PATHS = "$(HOME)/Library/SDKs/ArcGIS/iOS/Frameworks/Static";
				INFOPLIST_FILE = ArcGISApplication/Info.plist;
				IPHONEOS_DEPLOYMENT_TARGET = 10.0;
				LD_RUNPATH_SEARCH_PATHS = "$(inherited) @executable_path/Frameworks";
				OTHER_LDFLAGS = (
					"-ObjC",
					"-framework",
					ArcGIS,
					"-l",
					"c++",
				);
				PRODUCT_BUNDLE_IDENTIFIER = celestine.ArcGISApplication;
				PRODUCT_NAME = "$(TARGET_NAME)";
				SWIFT_VERSION = 3.0;
			};
			name = Debug;
		};
		C5E508691E337DEE00518462 /* Release */ = {
			isa = XCBuildConfiguration;
			buildSettings = {
				ASSETCATALOG_COMPILER_APPICON_NAME = AppIcon;
				DEVELOPMENT_TEAM = 2R2958HZL4;
				FRAMEWORK_SEARCH_PATHS = "$(HOME)/Library/SDKs/ArcGIS/iOS/Frameworks/Static";
				INFOPLIST_FILE = ArcGISApplication/Info.plist;
				IPHONEOS_DEPLOYMENT_TARGET = 10.0;
				LD_RUNPATH_SEARCH_PATHS = "$(inherited) @executable_path/Frameworks";
				OTHER_LDFLAGS = (
					"-ObjC",
					"-framework",
					ArcGIS,
					"-l",
					"c++",
				);
				PRODUCT_BUNDLE_IDENTIFIER = celestine.ArcGISApplication;
				PRODUCT_NAME = "$(TARGET_NAME)";
				SWIFT_VERSION = 3.0;
			};
			name = Release;
		};
		C5E5086B1E337DEE00518462 /* Debug */ = {
			isa = XCBuildConfiguration;
			buildSettings = {
				ALWAYS_EMBED_SWIFT_STANDARD_LIBRARIES = YES;
				BUNDLE_LOADER = "$(TEST_HOST)";
				DEVELOPMENT_TEAM = EAYC8NMCCB;
				INFOPLIST_FILE = ArcGISApplicationTests/Info.plist;
				LD_RUNPATH_SEARCH_PATHS = "$(inherited) @executable_path/Frameworks @loader_path/Frameworks";
				PRODUCT_BUNDLE_IDENTIFIER = celestine.ArcGISApplicationTests;
				PRODUCT_NAME = "$(TARGET_NAME)";
				SWIFT_VERSION = 3.0;
				TEST_HOST = "$(BUILT_PRODUCTS_DIR)/ArcGISApplication.app/ArcGISApplication";
			};
			name = Debug;
		};
		C5E5086C1E337DEE00518462 /* Release */ = {
			isa = XCBuildConfiguration;
			buildSettings = {
				ALWAYS_EMBED_SWIFT_STANDARD_LIBRARIES = YES;
				BUNDLE_LOADER = "$(TEST_HOST)";
				DEVELOPMENT_TEAM = EAYC8NMCCB;
				INFOPLIST_FILE = ArcGISApplicationTests/Info.plist;
				LD_RUNPATH_SEARCH_PATHS = "$(inherited) @executable_path/Frameworks @loader_path/Frameworks";
				PRODUCT_BUNDLE_IDENTIFIER = celestine.ArcGISApplicationTests;
				PRODUCT_NAME = "$(TARGET_NAME)";
				SWIFT_VERSION = 3.0;
				TEST_HOST = "$(BUILT_PRODUCTS_DIR)/ArcGISApplication.app/ArcGISApplication";
			};
			name = Release;
		};
		C5E5086E1E337DEE00518462 /* Debug */ = {
			isa = XCBuildConfiguration;
			buildSettings = {
				ALWAYS_EMBED_SWIFT_STANDARD_LIBRARIES = YES;
				DEVELOPMENT_TEAM = EAYC8NMCCB;
				INFOPLIST_FILE = ArcGISApplicationUITests/Info.plist;
				LD_RUNPATH_SEARCH_PATHS = "$(inherited) @executable_path/Frameworks @loader_path/Frameworks";
				PRODUCT_BUNDLE_IDENTIFIER = celestine.ArcGISApplicationUITests;
				PRODUCT_NAME = "$(TARGET_NAME)";
				SWIFT_VERSION = 3.0;
				TEST_TARGET_NAME = ArcGISApplication;
			};
			name = Debug;
		};
		C5E5086F1E337DEE00518462 /* Release */ = {
			isa = XCBuildConfiguration;
			buildSettings = {
				ALWAYS_EMBED_SWIFT_STANDARD_LIBRARIES = YES;
				DEVELOPMENT_TEAM = EAYC8NMCCB;
				INFOPLIST_FILE = ArcGISApplicationUITests/Info.plist;
				LD_RUNPATH_SEARCH_PATHS = "$(inherited) @executable_path/Frameworks @loader_path/Frameworks";
				PRODUCT_BUNDLE_IDENTIFIER = celestine.ArcGISApplicationUITests;
				PRODUCT_NAME = "$(TARGET_NAME)";
				SWIFT_VERSION = 3.0;
				TEST_TARGET_NAME = ArcGISApplication;
			};
			name = Release;
		};
/* End XCBuildConfiguration section */

/* Begin XCConfigurationList section */
		C5E5083A1E337DED00518462 /* Build configuration list for PBXProject "ArcGISApplication" */ = {
			isa = XCConfigurationList;
			buildConfigurations = (
				C5E508651E337DEE00518462 /* Debug */,
				C5E508661E337DEE00518462 /* Release */,
			);
			defaultConfigurationIsVisible = 0;
			defaultConfigurationName = Release;
		};
		C5E508671E337DEE00518462 /* Build configuration list for PBXNativeTarget "ArcGISApplication" */ = {
			isa = XCConfigurationList;
			buildConfigurations = (
				C5E508681E337DEE00518462 /* Debug */,
				C5E508691E337DEE00518462 /* Release */,
			);
			defaultConfigurationIsVisible = 0;
			defaultConfigurationName = Release;
		};
		C5E5086A1E337DEE00518462 /* Build configuration list for PBXNativeTarget "ArcGISApplicationTests" */ = {
			isa = XCConfigurationList;
			buildConfigurations = (
				C5E5086B1E337DEE00518462 /* Debug */,
				C5E5086C1E337DEE00518462 /* Release */,
			);
			defaultConfigurationIsVisible = 0;
			defaultConfigurationName = Release;
		};
		C5E5086D1E337DEE00518462 /* Build configuration list for PBXNativeTarget "ArcGISApplicationUITests" */ = {
			isa = XCConfigurationList;
			buildConfigurations = (
				C5E5086E1E337DEE00518462 /* Debug */,
				C5E5086F1E337DEE00518462 /* Release */,
			);
			defaultConfigurationIsVisible = 0;
			defaultConfigurationName = Release;
		};
/* End XCConfigurationList section */
	};
	rootObject = C5E508371E337DED00518462 /* Project object */;
}
